# This file is autogenerated, do not edit; changes may be undone by the next 'dep ensure'.


[[projects]]
  name = "github.com/aliyun/alibaba-cloud-sdk-go"
  packages = [
    "sdk",
    "sdk/auth",
    "sdk/auth/credentials",
    "sdk/auth/signers",
    "sdk/endpoints",
    "sdk/errors",
    "sdk/requests",
    "sdk/responses",
    "sdk/utils",
    "services/alidns"
  ]
  revision = "5657c41806e2449a4f64478131829e4f31686457"
  version = "0.8.3"

[[projects]]
  name = "github.com/jmespath/go-jmespath"
  packages = ["."]
  revision = "3433f3ea46d9f8019119e7dd41274e112a2359a9"
  version = "0.2.2"

[[projects]]
  name = "github.com/joho/godotenv"
  packages = [
    ".",
    "autoload"
  ]
  revision = "a79fa1e548e2c689c241d10173efd51e5d689d5b"
  version = "v1.2.0"

[[projects]]
  name = "github.com/json-iterator/go"
  packages = ["."]
  revision = "f7279a603edee96fe7764d3de9c6ff8cf9970994"
  version = "1.0.4"

[[projects]]
  name = "github.com/satori/go.uuid"
  packages = ["."]
  revision = "f58768cc1a7a7e77a3bd49e98cdd21419399b6a3"
  version = "v1.2.0"

[[projects]]
  name = "github.com/urfave/cli"
  packages = ["."]
  revision = "cfb38830724cc34fedffe9a2a29fb54fa9169cd1"
  version = "v1.20.0"

[solve-meta]
  analyzer-name = "dep"
  analyzer-version = 1
  inputs-digest = "246c4c89bf6af6ff6636a5f580eddfc23f081ab7ec3877635c4e55cb5f77f5af"
  solver-name = "gps-cdcl"
  solver-version = 1
